
Microsoft Visual Studio Solution File, Format Version 12.00
# Visual Studio Version 17
VisualStudioVersion = 17.0.31903.59
MinimumVisualStudioVersion = 10.0.40219.1
Project("{FAE04EC0-301F-11D3-BF4B-00C04F79EFBC}") = "App.Domain", "App.Domain\App.Domain.csproj", "{FE5A42BC-FD4F-45D9-8FA7-1787A1957CEB}"
EndProject
Project("{FAE04EC0-301F-11D3-BF4B-00C04F79EFBC}") = "App.Application", "App.Application\App.Application.csproj", "{440F8A08-9878-4869-ADDF-AF06A4CE405D}"
EndProject
Project("{FAE04EC0-301F-11D3-BF4B-00C04F79EFBC}") = "App.Infrastructure", "App.Infrastructure\App.Infrastructure.csproj", "{03A17FEC-D9B2-46D0-9158-C80A015FF02B}"
EndProject
Project("{FAE04EC0-301F-11D3-BF4B-00C04F79EFBC}") = "App.WebUI", "App.WebUI\App.WebUI.csproj", "{FD989FB5-2768-4A3E-86F7-3F45F675B500}"
EndProject
Global
	GlobalSection(SolutionConfigurationPlatforms) = preSolution
		Debug|Any CPU = Debug|Any CPU
		Debug|x64 = Debug|x64
		Debug|x86 = Debug|x86
		Release|Any CPU = Release|Any CPU
		Release|x64 = Release|x64
		Release|x86 = Release|x86
	EndGlobalSection
	GlobalSection(ProjectConfigurationPlatforms) = postSolution
		{FE5A42BC-FD4F-45D9-8FA7-1787A1957CEB}.Debug|Any CPU.ActiveCfg = Debug|Any CPU
		{FE5A42BC-FD4F-45D9-8FA7-1787A1957CEB}.Debug|Any CPU.Build.0 = Debug|Any CPU
		{FE5A42BC-FD4F-45D9-8FA7-1787A1957CEB}.Debug|x64.ActiveCfg = Debug|Any CPU
		{FE5A42BC-FD4F-45D9-8FA7-1787A1957CEB}.Debug|x64.Build.0 = Debug|Any CPU
		{FE5A42BC-FD4F-45D9-8FA7-1787A1957CEB}.Debug|x86.ActiveCfg = Debug|Any CPU
		{FE5A42BC-FD4F-45D9-8FA7-1787A1957CEB}.Debug|x86.Build.0 = Debug|Any CPU
		{FE5A42BC-FD4F-45D9-8FA7-1787A1957CEB}.Release|Any CPU.ActiveCfg = Release|Any CPU
		{FE5A42BC-FD4F-45D9-8FA7-1787A1957CEB}.Release|Any CPU.Build.0 = Release|Any CPU
		{FE5A42BC-FD4F-45D9-8FA7-1787A1957CEB}.Release|x64.ActiveCfg = Release|Any CPU
		{FE5A42BC-FD4F-45D9-8FA7-1787A1957CEB}.Release|x64.Build.0 = Release|Any CPU
		{FE5A42BC-FD4F-45D9-8FA7-1787A1957CEB}.Release|x86.ActiveCfg = Release|Any CPU
		{FE5A42BC-FD4F-45D9-8FA7-1787A1957CEB}.Release|x86.Build.0 = Release|Any CPU
		{440F8A08-9878-4869-ADDF-AF06A4CE405D}.Debug|Any CPU.ActiveCfg = Debug|Any CPU
		{440F8A08-9878-4869-ADDF-AF06A4CE405D}.Debug|Any CPU.Build.0 = Debug|Any CPU
		{440F8A08-9878-4869-ADDF-AF06A4CE405D}.Debug|x64.ActiveCfg = Debug|Any CPU
		{440F8A08-9878-4869-ADDF-AF06A4CE405D}.Debug|x64.Build.0 = Debug|Any CPU
		{440F8A08-9878-4869-ADDF-AF06A4CE405D}.Debug|x86.ActiveCfg = Debug|Any CPU
		{440F8A08-9878-4869-ADDF-AF06A4CE405D}.Debug|x86.Build.0 = Debug|Any CPU
		{440F8A08-9878-4869-ADDF-AF06A4CE405D}.Release|Any CPU.ActiveCfg = Release|Any CPU
		{440F8A08-9878-4869-ADDF-AF06A4CE405D}.Release|Any CPU.Build.0 = Release|Any CPU
		{440F8A08-9878-4869-ADDF-AF06A4CE405D}.Release|x64.ActiveCfg = Release|Any CPU
		{440F8A08-9878-4869-ADDF-AF06A4CE405D}.Release|x64.Build.0 = Release|Any CPU
		{440F8A08-9878-4869-ADDF-AF06A4CE405D}.Release|x86.ActiveCfg = Release|Any CPU
		{440F8A08-9878-4869-ADDF-AF06A4CE405D}.Release|x86.Build.0 = Release|Any CPU
		{03A17FEC-D9B2-46D0-9158-C80A015FF02B}.Debug|Any CPU.ActiveCfg = Debug|Any CPU
		{03A17FEC-D9B2-46D0-9158-C80A015FF02B}.Debug|Any CPU.Build.0 = Debug|Any CPU
		{03A17FEC-D9B2-46D0-9158-C80A015FF02B}.Debug|x64.ActiveCfg = Debug|Any CPU
		{03A17FEC-D9B2-46D0-9158-C80A015FF02B}.Debug|x64.Build.0 = Debug|Any CPU
		{03A17FEC-D9B2-46D0-9158-C80A015FF02B}.Debug|x86.ActiveCfg = Debug|Any CPU
		{03A17FEC-D9B2-46D0-9158-C80A015FF02B}.Debug|x86.Build.0 = Debug|Any CPU
		{03A17FEC-D9B2-46D0-9158-C80A015FF02B}.Release|Any CPU.ActiveCfg = Release|Any CPU
		{03A17FEC-D9B2-46D0-9158-C80A015FF02B}.Release|Any CPU.Build.0 = Release|Any CPU
		{03A17FEC-D9B2-46D0-9158-C80A015FF02B}.Release|x64.ActiveCfg = Release|Any CPU
		{03A17FEC-D9B2-46D0-9158-C80A015FF02B}.Release|x64.Build.0 = Release|Any CPU
		{03A17FEC-D9B2-46D0-9158-C80A015FF02B}.Release|x86.ActiveCfg = Release|Any CPU
		{03A17FEC-D9B2-46D0-9158-C80A015FF02B}.Release|x86.Build.0 = Release|Any CPU
		{FD989FB5-2768-4A3E-86F7-3F45F675B500}.Debug|Any CPU.ActiveCfg = Debug|Any CPU
		{FD989FB5-2768-4A3E-86F7-3F45F675B500}.Debug|Any CPU.Build.0 = Debug|Any CPU
		{FD989FB5-2768-4A3E-86F7-3F45F675B500}.Debug|x64.ActiveCfg = Debug|Any CPU
		{FD989FB5-2768-4A3E-86F7-3F45F675B500}.Debug|x64.Build.0 = Debug|Any CPU
		{FD989FB5-2768-4A3E-86F7-3F45F675B500}.Debug|x86.ActiveCfg = Debug|Any CPU
		{FD989FB5-2768-4A3E-86F7-3F45F675B500}.Debug|x86.Build.0 = Debug|Any CPU
		{FD989FB5-2768-4A3E-86F7-3F45F675B500}.Release|Any CPU.ActiveCfg = Release|Any CPU
		{FD989FB5-2768-4A3E-86F7-3F45F675B500}.Release|Any CPU.Build.0 = Release|Any CPU
		{FD989FB5-2768-4A3E-86F7-3F45F675B500}.Release|x64.ActiveCfg = Release|Any CPU
		{FD989FB5-2768-4A3E-86F7-3F45F675B500}.Release|x64.Build.0 = Release|Any CPU
		{FD989FB5-2768-4A3E-86F7-3F45F675B500}.Release|x86.ActiveCfg = Release|Any CPU
		{FD989FB5-2768-4A3E-86F7-3F45F675B500}.Release|x86.Build.0 = Release|Any CPU
	EndGlobalSection
	GlobalSection(SolutionProperties) = preSolution
		HideSolutionNode = FALSE
	EndGlobalSection
EndGlobal
